
Microsoft Visual Studio Solution File, Format Version 12.00
# Visual Studio Version 17
VisualStudioVersion = 17.5.002.0
MinimumVisualStudioVersion = 10.0.40219.1
Project("{2150E333-8FDC-42A3-9474-1A3956D46DE8}") = "sandbox", "sandbox", "{BC1B1264-A262-44E1-BD48-0220C82ACEBA}"
EndProject
Project("{9A19103F-16F7-4668-BE54-9A1E7A4F7556}") = "sandbox_project", "sandbox\sandbox_project\sandbox_project.csproj", "{82913FA6-04B7-48A1-85E0-82B893E9A30A}"
EndProject
Project("{2150E333-8FDC-42A3-9474-1A3956D46DE8}") = "week01", "week01", "{2A08A54C-6512-496C-8155-410284C96FE6}"
EndProject
Project("{9A19103F-16F7-4668-BE54-9A1E7A4F7556}") = "analyze", "week01\analyze\analyze.csproj", "{EF19ABDF-55EB-465C-9DF8-DE5E75A2E4E5}"
EndProject
Project("{9A19103F-16F7-4668-BE54-9A1E7A4F7556}") = "code", "week01\code\code.csproj", "{D91A28DC-CF2F-422D-8FF1-884B01EE3706}"
EndProject
Project("{9A19103F-16F7-4668-BE54-9A1E7A4F7556}") = "teach", "week01\teach\teach.csproj", "{EB511313-235C-42B5-A214-440C8135C0EC}"
EndProject
Project("{2150E333-8FDC-42A3-9474-1A3956D46DE8}") = "week02", "week02", "{1931BE9B-8075-4BDD-934A-36595B527BDB}"
EndProject
Project("{9A19103F-16F7-4668-BE54-9A1E7A4F7556}") = "analyze", "week02\analyze\analyze.csproj", "{321C7D38-E8DC-41D4-A01D-8485EBAEC866}"
EndProject
Project("{9A19103F-16F7-4668-BE54-9A1E7A4F7556}") = "code", "week02\code\code.csproj", "{1C535C9A-4C2F-4093-8990-2FE6E7BD805A}"
EndProject
Project("{9A19103F-16F7-4668-BE54-9A1E7A4F7556}") = "learn", "week02\learn\learn.csproj", "{353E349D-A4BF-47EA-AE9E-BED5A381C7C2}"
EndProject
Project("{9A19103F-16F7-4668-BE54-9A1E7A4F7556}") = "teach", "week02\teach\teach.csproj", "{DAEC7EA2-8406-4104-B9EA-245564510DF1}"
EndProject
Project("{2150E333-8FDC-42A3-9474-1A3956D46DE8}") = "week03", "week03", "{B2CF8BF4-F549-4609-AA4A-B909D3F4AD4D}"
EndProject
Project("{9A19103F-16F7-4668-BE54-9A1E7A4F7556}") = "code", "week03\code\code.csproj", "{286B6F5D-DC48-415A-AEF6-025542E06CAC}"
EndProject
Project("{9A19103F-16F7-4668-BE54-9A1E7A4F7556}") = "learn", "week03\learn\learn.csproj", "{E740EC6B-5441-439A-B693-05BB5FB1BF01}"
EndProject
Project("{9A19103F-16F7-4668-BE54-9A1E7A4F7556}") = "teach", "week03\teach\teach.csproj", "{0100B03D-AF80-4B00-9800-D4D45FF22C98}"
EndProject
Project("{2150E333-8FDC-42A3-9474-1A3956D46DE8}") = "week04", "week04", "{114202A3-B4A6-4A1C-8CA1-EED27D218BE6}"
EndProject
Project("{9A19103F-16F7-4668-BE54-9A1E7A4F7556}") = "code", "week04\code\code.csproj", "{1D397325-BF41-4AC9-BEB0-8587A6C145B1}"
EndProject
Project("{2150E333-8FDC-42A3-9474-1A3956D46DE8}") = "week05", "week05", "{9199A901-C9FE-4795-8A6F-734FD41398DB}"
EndProject
Project("{9A19103F-16F7-4668-BE54-9A1E7A4F7556}") = "code", "week05\code\code.csproj", "{F3FD4C44-F44B-4791-B02C-8C1FD31BDF53}"
EndProject
Project("{2150E333-8FDC-42A3-9474-1A3956D46DE8}") = "week06", "week06", "{5D035FE5-8FBA-4780-AC8F-AF815F1FA88C}"
EndProject
Project("{9A19103F-16F7-4668-BE54-9A1E7A4F7556}") = "code", "week06\code\code.csproj", "{09770397-3A2E-402C-8D81-F84C71ECA867}"
EndProject
Global
	GlobalSection(SolutionConfigurationPlatforms) = preSolution
		Debug|Any CPU = Debug|Any CPU
		Release|Any CPU = Release|Any CPU
	EndGlobalSection
	GlobalSection(ProjectConfigurationPlatforms) = postSolution
		{82913FA6-04B7-48A1-85E0-82B893E9A30A}.Debug|Any CPU.ActiveCfg = Debug|Any CPU
		{82913FA6-04B7-48A1-85E0-82B893E9A30A}.Debug|Any CPU.Build.0 = Debug|Any CPU
		{82913FA6-04B7-48A1-85E0-82B893E9A30A}.Release|Any CPU.ActiveCfg = Release|Any CPU
		{82913FA6-04B7-48A1-85E0-82B893E9A30A}.Release|Any CPU.Build.0 = Release|Any CPU
		{EF19ABDF-55EB-465C-9DF8-DE5E75A2E4E5}.Debug|Any CPU.ActiveCfg = Debug|Any CPU
		{EF19ABDF-55EB-465C-9DF8-DE5E75A2E4E5}.Debug|Any CPU.Build.0 = Debug|Any CPU
		{EF19ABDF-55EB-465C-9DF8-DE5E75A2E4E5}.Release|Any CPU.ActiveCfg = Release|Any CPU
		{EF19ABDF-55EB-465C-9DF8-DE5E75A2E4E5}.Release|Any CPU.Build.0 = Release|Any CPU
		{D91A28DC-CF2F-422D-8FF1-884B01EE3706}.Debug|Any CPU.ActiveCfg = Debug|Any CPU
		{D91A28DC-CF2F-422D-8FF1-884B01EE3706}.Debug|Any CPU.Build.0 = Debug|Any CPU
		{D91A28DC-CF2F-422D-8FF1-884B01EE3706}.Release|Any CPU.ActiveCfg = Release|Any CPU
		{D91A28DC-CF2F-422D-8FF1-884B01EE3706}.Release|Any CPU.Build.0 = Release|Any CPU
		{EB511313-235C-42B5-A214-440C8135C0EC}.Debug|Any CPU.ActiveCfg = Debug|Any CPU
		{EB511313-235C-42B5-A214-440C8135C0EC}.Debug|Any CPU.Build.0 = Debug|Any CPU
		{EB511313-235C-42B5-A214-440C8135C0EC}.Release|Any CPU.ActiveCfg = Release|Any CPU
		{EB511313-235C-42B5-A214-440C8135C0EC}.Release|Any CPU.Build.0 = Release|Any CPU
		{321C7D38-E8DC-41D4-A01D-8485EBAEC866}.Debug|Any CPU.ActiveCfg = Debug|Any CPU
		{321C7D38-E8DC-41D4-A01D-8485EBAEC866}.Debug|Any CPU.Build.0 = Debug|Any CPU
		{321C7D38-E8DC-41D4-A01D-8485EBAEC866}.Release|Any CPU.ActiveCfg = Release|Any CPU
		{321C7D38-E8DC-41D4-A01D-8485EBAEC866}.Release|Any CPU.Build.0 = Release|Any CPU
		{1C535C9A-4C2F-4093-8990-2FE6E7BD805A}.Debug|Any CPU.ActiveCfg = Debug|Any CPU
		{1C535C9A-4C2F-4093-8990-2FE6E7BD805A}.Debug|Any CPU.Build.0 = Debug|Any CPU
		{1C535C9A-4C2F-4093-8990-2FE6E7BD805A}.Release|Any CPU.ActiveCfg = Release|Any CPU
		{1C535C9A-4C2F-4093-8990-2FE6E7BD805A}.Release|Any CPU.Build.0 = Release|Any CPU
		{353E349D-A4BF-47EA-AE9E-BED5A381C7C2}.Debug|Any CPU.ActiveCfg = Debug|Any CPU
		{353E349D-A4BF-47EA-AE9E-BED5A381C7C2}.Debug|Any CPU.Build.0 = Debug|Any CPU
		{353E349D-A4BF-47EA-AE9E-BED5A381C7C2}.Release|Any CPU.ActiveCfg = Release|Any CPU
		{353E349D-A4BF-47EA-AE9E-BED5A381C7C2}.Release|Any CPU.Build.0 = Release|Any CPU
		{DAEC7EA2-8406-4104-B9EA-245564510DF1}.Debug|Any CPU.ActiveCfg = Debug|Any CPU
		{DAEC7EA2-8406-4104-B9EA-245564510DF1}.Debug|Any CPU.Build.0 = Debug|Any CPU
		{DAEC7EA2-8406-4104-B9EA-245564510DF1}.Release|Any CPU.ActiveCfg = Release|Any CPU
		{DAEC7EA2-8406-4104-B9EA-245564510DF1}.Release|Any CPU.Build.0 = Release|Any CPU
		{286B6F5D-DC48-415A-AEF6-025542E06CAC}.Debug|Any CPU.ActiveCfg = Debug|Any CPU
		{286B6F5D-DC48-415A-AEF6-025542E06CAC}.Debug|Any CPU.Build.0 = Debug|Any CPU
		{286B6F5D-DC48-415A-AEF6-025542E06CAC}.Release|Any CPU.ActiveCfg = Release|Any CPU
		{286B6F5D-DC48-415A-AEF6-025542E06CAC}.Release|Any CPU.Build.0 = Release|Any CPU
		{E740EC6B-5441-439A-B693-05BB5FB1BF01}.Debug|Any CPU.ActiveCfg = Debug|Any CPU
		{E740EC6B-5441-439A-B693-05BB5FB1BF01}.Debug|Any CPU.Build.0 = Debug|Any CPU
		{E740EC6B-5441-439A-B693-05BB5FB1BF01}.Release|Any CPU.ActiveCfg = Release|Any CPU
		{E740EC6B-5441-439A-B693-05BB5FB1BF01}.Release|Any CPU.Build.0 = Release|Any CPU
		{0100B03D-AF80-4B00-9800-D4D45FF22C98}.Debug|Any CPU.ActiveCfg = Debug|Any CPU
		{0100B03D-AF80-4B00-9800-D4D45FF22C98}.Debug|Any CPU.Build.0 = Debug|Any CPU
		{0100B03D-AF80-4B00-9800-D4D45FF22C98}.Release|Any CPU.ActiveCfg = Release|Any CPU
		{0100B03D-AF80-4B00-9800-D4D45FF22C98}.Release|Any CPU.Build.0 = Release|Any CPU
		{1D397325-BF41-4AC9-BEB0-8587A6C145B1}.Debug|Any CPU.ActiveCfg = Debug|Any CPU
		{1D397325-BF41-4AC9-BEB0-8587A6C145B1}.Debug|Any CPU.Build.0 = Debug|Any CPU
		{1D397325-BF41-4AC9-BEB0-8587A6C145B1}.Release|Any CPU.ActiveCfg = Release|Any CPU
		{1D397325-BF41-4AC9-BEB0-8587A6C145B1}.Release|Any CPU.Build.0 = Release|Any CPU
		{F3FD4C44-F44B-4791-B02C-8C1FD31BDF53}.Debug|Any CPU.ActiveCfg = Debug|Any CPU
		{F3FD4C44-F44B-4791-B02C-8C1FD31BDF53}.Debug|Any CPU.Build.0 = Debug|Any CPU
		{F3FD4C44-F44B-4791-B02C-8C1FD31BDF53}.Release|Any CPU.ActiveCfg = Release|Any CPU
		{F3FD4C44-F44B-4791-B02C-8C1FD31BDF53}.Release|Any CPU.Build.0 = Release|Any CPU
		{09770397-3A2E-402C-8D81-F84C71ECA867}.Debug|Any CPU.ActiveCfg = Debug|Any CPU
		{09770397-3A2E-402C-8D81-F84C71ECA867}.Debug|Any CPU.Build.0 = Debug|Any CPU
		{09770397-3A2E-402C-8D81-F84C71ECA867}.Release|Any CPU.ActiveCfg = Release|Any CPU
		{09770397-3A2E-402C-8D81-F84C71ECA867}.Release|Any CPU.Build.0 = Release|Any CPU
	EndGlobalSection
	GlobalSection(SolutionProperties) = preSolution
		HideSolutionNode = FALSE
	EndGlobalSection
	GlobalSection(NestedProjects) = preSolution
		{82913FA6-04B7-48A1-85E0-82B893E9A30A} = {BC1B1264-A262-44E1-BD48-0220C82ACEBA}
		{EF19ABDF-55EB-465C-9DF8-DE5E75A2E4E5} = {2A08A54C-6512-496C-8155-410284C96FE6}
		{D91A28DC-CF2F-422D-8FF1-884B01EE3706} = {2A08A54C-6512-496C-8155-410284C96FE6}
		{EB511313-235C-42B5-A214-440C8135C0EC} = {2A08A54C-6512-496C-8155-410284C96FE6}
		{321C7D38-E8DC-41D4-A01D-8485EBAEC866} = {1931BE9B-8075-4BDD-934A-36595B527BDB}
		{1C535C9A-4C2F-4093-8990-2FE6E7BD805A} = {1931BE9B-8075-4BDD-934A-36595B527BDB}
		{353E349D-A4BF-47EA-AE9E-BED5A381C7C2} = {1931BE9B-8075-4BDD-934A-36595B527BDB}
		{DAEC7EA2-8406-4104-B9EA-245564510DF1} = {1931BE9B-8075-4BDD-934A-36595B527BDB}
		{286B6F5D-DC48-415A-AEF6-025542E06CAC} = {B2CF8BF4-F549-4609-AA4A-B909D3F4AD4D}
		{E740EC6B-5441-439A-B693-05BB5FB1BF01} = {B2CF8BF4-F549-4609-AA4A-B909D3F4AD4D}
		{0100B03D-AF80-4B00-9800-D4D45FF22C98} = {B2CF8BF4-F549-4609-AA4A-B909D3F4AD4D}
		{1D397325-BF41-4AC9-BEB0-8587A6C145B1} = {114202A3-B4A6-4A1C-8CA1-EED27D218BE6}
		{F3FD4C44-F44B-4791-B02C-8C1FD31BDF53} = {9199A901-C9FE-4795-8A6F-734FD41398DB}
		{09770397-3A2E-402C-8D81-F84C71ECA867} = {5D035FE5-8FBA-4780-AC8F-AF815F1FA88C}
	EndGlobalSection
	GlobalSection(ExtensibilityGlobals) = postSolution
		SolutionGuid = {2BF1318E-0011-4E33-8B1A-4BD37CE0DD64}
	EndGlobalSection
EndGlobal
